
Microsoft Visual Studio Solution File, Format Version 12.00
Project("{FAE04EC0-301F-11D3-BF4B-00C04F79EFBC}") = "Strazh.Tests.ProjectA", "Strazh.Tests.ProjectA\Strazh.Tests.ProjectA.csproj", "{CBE72A8F-DDA9-45DC-987B-B55FA9A3EC2C}"
EndProject
Project("{FAE04EC0-301F-11D3-BF4B-00C04F79EFBC}") = "Strazh.Tests.ProjectB", "Strazh.Tests.ProjectB\Strazh.Tests.ProjectB.csproj", "{D8AEF0F8-1FC1-4CAF-AC35-C62D29A83ABC}"
EndProject
Global
	GlobalSection(SolutionConfigurationPlatforms) = preSolution
		Debug|Any CPU = Debug|Any CPU
		Release|Any CPU = Release|Any CPU
	EndGlobalSection
	GlobalSection(ProjectConfigurationPlatforms) = postSolution
		{CBE72A8F-DDA9-45DC-987B-B55FA9A3EC2C}.Debug|Any CPU.ActiveCfg = Debug|Any CPU
		{CBE72A8F-DDA9-45DC-987B-B55FA9A3EC2C}.Debug|Any CPU.Build.0 = Debug|Any CPU
		{CBE72A8F-DDA9-45DC-987B-B55FA9A3EC2C}.Release|Any CPU.ActiveCfg = Release|Any CPU
		{CBE72A8F-DDA9-45DC-987B-B55FA9A3EC2C}.Release|Any CPU.Build.0 = Release|Any CPU
		{D8AEF0F8-1FC1-4CAF-AC35-C62D29A83ABC}.Debug|Any CPU.ActiveCfg = Debug|Any CPU
		{D8AEF0F8-1FC1-4CAF-AC35-C62D29A83ABC}.Debug|Any CPU.Build.0 = Debug|Any CPU
		{D8AEF0F8-1FC1-4CAF-AC35-C62D29A83ABC}.Release|Any CPU.ActiveCfg = Release|Any CPU
		{D8AEF0F8-1FC1-4CAF-AC35-C62D29A83ABC}.Release|Any CPU.Build.0 = Release|Any CPU
	EndGlobalSection
	GlobalSection(SolutionProperties) = preSolution
		HideSolutionNode = FALSE
	EndGlobalSection
EndGlobal
